
Microsoft Visual Studio Solution File, Format Version 12.00
# Visual Studio Version 16
VisualStudioVersion = 16.0.31624.102
MinimumVisualStudioVersion = 10.0.40219.1
Project("{FAE04EC0-301F-11D3-BF4B-00C04F79EFBC}") = "NewtonRaphson", "NewtonRaphson\NewtonRaphson.csproj", "{66FF7117-DB96-47C8-AC42-54B0DFB626B0}"
EndProject
Global
	GlobalSection(SolutionConfigurationPlatforms) = preSolution
		Debug|Any CPU = Debug|Any CPU
		Release|Any CPU = Release|Any CPU
	EndGlobalSection
	GlobalSection(ProjectConfigurationPlatforms) = postSolution
		{66FF7117-DB96-47C8-AC42-54B0DFB626B0}.Debug|Any CPU.ActiveCfg = Debug|Any CPU
		{66FF7117-DB96-47C8-AC42-54B0DFB626B0}.Debug|Any CPU.Build.0 = Debug|Any CPU
		{66FF7117-DB96-47C8-AC42-54B0DFB626B0}.Release|Any CPU.ActiveCfg = Release|Any CPU
		{66FF7117-DB96-47C8-AC42-54B0DFB626B0}.Release|Any CPU.Build.0 = Release|Any CPU
	EndGlobalSection
	GlobalSection(SolutionProperties) = preSolution
		HideSolutionNode = FALSE
	EndGlobalSection
	GlobalSection(ExtensibilityGlobals) = postSolution
		SolutionGuid = {DD7FF0C9-EDC4-4402-A1BE-DC945792713F}
	EndGlobalSection
EndGlobal
